
Microsoft Visual Studio Solution File, Format Version 12.00
# Visual Studio Version 17
VisualStudioVersion = 17.14.36127.28 d17.14
MinimumVisualStudioVersion = 10.0.40219.1
Project("{FAE04EC0-301F-11D3-BF4B-00C04F79EFBC}") = "bai1_Bien_KieuDuLieu_Nhap_Epkieu", "bai1_Bien_KieuDuLieu\bai1_Bien_KieuDuLieu_Nhap_Epkieu.csproj", "{37D3789B-5188-4B07-B59B-C3D5E6E69525}"
EndProject
Project("{FAE04EC0-301F-11D3-BF4B-00C04F79EFBC}") = "Bai2_Hangso", "Bai2_Hangso\Bai2_Hangso.csproj", "{FF4907B2-4189-46AE-B4C7-A04E54299288}"
EndProject
Project("{FAE04EC0-301F-11D3-BF4B-00C04F79EFBC}") = "Bai3_CacPhepToanCoban", "ToanTu\Bai3_CacPhepToanCoban.csproj", "{B95F70E6-69C0-4E45-8225-C0F819D018D1}"
EndProject
Global
	GlobalSection(SolutionConfigurationPlatforms) = preSolution
		Debug|Any CPU = Debug|Any CPU
		Release|Any CPU = Release|Any CPU
	EndGlobalSection
	GlobalSection(ProjectConfigurationPlatforms) = postSolution
		{37D3789B-5188-4B07-B59B-C3D5E6E69525}.Debug|Any CPU.ActiveCfg = Debug|Any CPU
		{37D3789B-5188-4B07-B59B-C3D5E6E69525}.Debug|Any CPU.Build.0 = Debug|Any CPU
		{37D3789B-5188-4B07-B59B-C3D5E6E69525}.Release|Any CPU.ActiveCfg = Release|Any CPU
		{37D3789B-5188-4B07-B59B-C3D5E6E69525}.Release|Any CPU.Build.0 = Release|Any CPU
		{FF4907B2-4189-46AE-B4C7-A04E54299288}.Debug|Any CPU.ActiveCfg = Debug|Any CPU
		{FF4907B2-4189-46AE-B4C7-A04E54299288}.Debug|Any CPU.Build.0 = Debug|Any CPU
		{FF4907B2-4189-46AE-B4C7-A04E54299288}.Release|Any CPU.ActiveCfg = Release|Any CPU
		{FF4907B2-4189-46AE-B4C7-A04E54299288}.Release|Any CPU.Build.0 = Release|Any CPU
		{B95F70E6-69C0-4E45-8225-C0F819D018D1}.Debug|Any CPU.ActiveCfg = Debug|Any CPU
		{B95F70E6-69C0-4E45-8225-C0F819D018D1}.Debug|Any CPU.Build.0 = Debug|Any CPU
		{B95F70E6-69C0-4E45-8225-C0F819D018D1}.Release|Any CPU.ActiveCfg = Release|Any CPU
		{B95F70E6-69C0-4E45-8225-C0F819D018D1}.Release|Any CPU.Build.0 = Release|Any CPU
	EndGlobalSection
	GlobalSection(SolutionProperties) = preSolution
		HideSolutionNode = FALSE
	EndGlobalSection
	GlobalSection(ExtensibilityGlobals) = postSolution
		SolutionGuid = {D44F8959-48EC-4356-9E27-68778F9F2CFA}
	EndGlobalSection
EndGlobal
