
Microsoft Visual Studio Solution File, Format Version 12.00
# Visual Studio Version 17
VisualStudioVersion = 17.14.36127.28
MinimumVisualStudioVersion = 10.0.40219.1
Project("{FAE04EC0-301F-11D3-BF4B-00C04F79EFBC}") = "Bai1_Bien_KieuDuLieu_Nhap_Epkieu", "bai1_Bien_KieuDuLieu\Bai1_Bien_KieuDuLieu_Nhap_Epkieu.csproj", "{37D3789B-5188-4B07-B59B-C3D5E6E69525}"
EndProject
Project("{FAE04EC0-301F-11D3-BF4B-00C04F79EFBC}") = "Bai2_Hangso", "Bai2_Hangso\Bai2_Hangso.csproj", "{FF4907B2-4189-46AE-B4C7-A04E54299288}"
EndProject
Project("{FAE04EC0-301F-11D3-BF4B-00C04F79EFBC}") = "Bai3_CacPhepToanCoban", "ToanTu\Bai3_CacPhepToanCoban.csproj", "{B95F70E6-69C0-4E45-8225-C0F819D018D1}"
EndProject
Project("{FAE04EC0-301F-11D3-BF4B-00C04F79EFBC}") = "Bai4_TinhChuVi_DienTich", "Bai4_TinhChuVi_DienTich\Bai4_TinhChuVi_DienTich.csproj", "{690A1E97-84B0-490B-A6FA-524164AB3F5C}"
EndProject
Project("{FAE04EC0-301F-11D3-BF4B-00C04F79EFBC}") = "Bai5_TinhChiSoBMI", "Bai5_TinhChiSoBMI\Bai5_TinhChiSoBMI.csproj", "{534FAE10-221E-4039-9BF9-A0B5391E2B7A}"
EndProject
Project("{FAE04EC0-301F-11D3-BF4B-00C04F79EFBC}") = "Bai6_ChekNamNhuan", "Bai6_ChekNamNhuan\Bai6_ChekNamNhuan.csproj", "{562DC96D-B6D9-4E56-B7E0-C2CDCA51F878}"
EndProject
Project("{FAE04EC0-301F-11D3-BF4B-00C04F79EFBC}") = "Bai7_ChekThangBaoNgay", "Bai7_ChekThangBaoNgay\Bai7_ChekThangBaoNgay.csproj", "{EE45C240-045C-4D2B-84D8-D33EE6CB871A}"
EndProject
Project("{FAE04EC0-301F-11D3-BF4B-00C04F79EFBC}") = "Bai8_GiaiPhuongTrinhBac2", "Bai8_GiaiPhuongTrinhBac2\Bai8_GiaiPhuongTrinhBac2.csproj", "{66A537F1-28CF-46DC-9A70-4230653045D6}"
EndProject
Project("{FAE04EC0-301F-11D3-BF4B-00C04F79EFBC}") = "Bai9_ToanTu3ngoi", "Bai9_ToanTu3ngoi\Bai9_ToanTu3ngoi.csproj", "{9ABA62CB-D7C2-49C9-A140-02CFAAD6D15C}"
EndProject
Project("{FAE04EC0-301F-11D3-BF4B-00C04F79EFBC}") = "Bai10_SwitchCase", "Bai10_SwitchCase\Bai10_SwitchCase.csproj", "{9293122A-3AA3-484F-9625-1ADF8581EA0D}"
EndProject
Project("{FAE04EC0-301F-11D3-BF4B-00C04F79EFBC}") = "Bai11_XayDungMenuLuaChon_SwitchCase", "Bai11_XayDungMenuLuaChon_SwitchCase\Bai11_XayDungMenuLuaChon_SwitchCase.csproj", "{AA406D25-3A28-4CBE-86E9-B0206F2DB938}"
EndProject
Project("{FAE04EC0-301F-11D3-BF4B-00C04F79EFBC}") = "Bai12_While", "Bai12_While\Bai12_While.csproj", "{70977A53-8695-48F0-8F3E-16F8F6229FC3}"
EndProject
Project("{FAE04EC0-301F-11D3-BF4B-00C04F79EFBC}") = "Bai13_For_continue_break", "Bai12_For_continue_break\Bai13_For_continue_break.csproj", "{70362940-7972-478E-804B-8D76F403C331}"
EndProject
Project("{FAE04EC0-301F-11D3-BF4B-00C04F79EFBC}") = "Bai14_Random_datetime", "Bai14_Random_datetime\Bai14_Random_datetime.csproj", "{210DED92-5A8E-4168-8849-F96FF65A8756}"
EndProject
Project("{FAE04EC0-301F-11D3-BF4B-00C04F79EFBC}") = "Bai15_Array", "Bai14_Array\Bai15_Array.csproj", "{84221280-9B28-4D13-A065-1EC1F860B0CE}"
EndProject
Project("{FAE04EC0-301F-11D3-BF4B-00C04F79EFBC}") = "Bai16_List", "Bai16_List\Bai16_List.csproj", "{D4C7B87B-DA56-41FB-B78B-8CBC02E61601}"
EndProject
Project("{FAE04EC0-301F-11D3-BF4B-00C04F79EFBC}") = "Bai17_Dictionary", "Bai16_Dictionary\Bai17_Dictionary.csproj", "{80210151-C009-47D7-82C1-1AEF3B9B6A13}"
EndProject
Project("{FAE04EC0-301F-11D3-BF4B-00C04F79EFBC}") = "Bai18_Funtion", "Bai17_Funtion\Bai18_Funtion.csproj", "{DEDCA10E-F4D6-4A9A-814E-8A94BA34FA24}"
EndProject
Project("{FAE04EC0-301F-11D3-BF4B-00C04F79EFBC}") = "Bai19_Try_Cat_Finally", "Bai19_Try_Cat_Finally\Bai19_Try_Cat_Finally.csproj", "{F179F697-D11B-42C5-8247-DF238F590B9F}"
EndProject
Project("{FAE04EC0-301F-11D3-BF4B-00C04F79EFBC}") = "Bai20_OOP", "Bai20_OOP\Bai20_OOP.csproj", "{374DD107-83F8-4D87-9EBF-9D6514A7282E}"
EndProject
Global
	GlobalSection(SolutionConfigurationPlatforms) = preSolution
		Debug|Any CPU = Debug|Any CPU
		Release|Any CPU = Release|Any CPU
	EndGlobalSection
	GlobalSection(ProjectConfigurationPlatforms) = postSolution
		{37D3789B-5188-4B07-B59B-C3D5E6E69525}.Debug|Any CPU.ActiveCfg = Debug|Any CPU
		{37D3789B-5188-4B07-B59B-C3D5E6E69525}.Debug|Any CPU.Build.0 = Debug|Any CPU
		{37D3789B-5188-4B07-B59B-C3D5E6E69525}.Release|Any CPU.ActiveCfg = Release|Any CPU
		{37D3789B-5188-4B07-B59B-C3D5E6E69525}.Release|Any CPU.Build.0 = Release|Any CPU
		{FF4907B2-4189-46AE-B4C7-A04E54299288}.Debug|Any CPU.ActiveCfg = Debug|Any CPU
		{FF4907B2-4189-46AE-B4C7-A04E54299288}.Debug|Any CPU.Build.0 = Debug|Any CPU
		{FF4907B2-4189-46AE-B4C7-A04E54299288}.Release|Any CPU.ActiveCfg = Release|Any CPU
		{FF4907B2-4189-46AE-B4C7-A04E54299288}.Release|Any CPU.Build.0 = Release|Any CPU
		{B95F70E6-69C0-4E45-8225-C0F819D018D1}.Debug|Any CPU.ActiveCfg = Debug|Any CPU
		{B95F70E6-69C0-4E45-8225-C0F819D018D1}.Debug|Any CPU.Build.0 = Debug|Any CPU
		{B95F70E6-69C0-4E45-8225-C0F819D018D1}.Release|Any CPU.ActiveCfg = Release|Any CPU
		{B95F70E6-69C0-4E45-8225-C0F819D018D1}.Release|Any CPU.Build.0 = Release|Any CPU
		{690A1E97-84B0-490B-A6FA-524164AB3F5C}.Debug|Any CPU.ActiveCfg = Debug|Any CPU
		{690A1E97-84B0-490B-A6FA-524164AB3F5C}.Debug|Any CPU.Build.0 = Debug|Any CPU
		{690A1E97-84B0-490B-A6FA-524164AB3F5C}.Release|Any CPU.ActiveCfg = Release|Any CPU
		{690A1E97-84B0-490B-A6FA-524164AB3F5C}.Release|Any CPU.Build.0 = Release|Any CPU
		{534FAE10-221E-4039-9BF9-A0B5391E2B7A}.Debug|Any CPU.ActiveCfg = Debug|Any CPU
		{534FAE10-221E-4039-9BF9-A0B5391E2B7A}.Debug|Any CPU.Build.0 = Debug|Any CPU
		{534FAE10-221E-4039-9BF9-A0B5391E2B7A}.Release|Any CPU.ActiveCfg = Release|Any CPU
		{534FAE10-221E-4039-9BF9-A0B5391E2B7A}.Release|Any CPU.Build.0 = Release|Any CPU
		{562DC96D-B6D9-4E56-B7E0-C2CDCA51F878}.Debug|Any CPU.ActiveCfg = Debug|Any CPU
		{562DC96D-B6D9-4E56-B7E0-C2CDCA51F878}.Debug|Any CPU.Build.0 = Debug|Any CPU
		{562DC96D-B6D9-4E56-B7E0-C2CDCA51F878}.Release|Any CPU.ActiveCfg = Release|Any CPU
		{562DC96D-B6D9-4E56-B7E0-C2CDCA51F878}.Release|Any CPU.Build.0 = Release|Any CPU
		{EE45C240-045C-4D2B-84D8-D33EE6CB871A}.Debug|Any CPU.ActiveCfg = Debug|Any CPU
		{EE45C240-045C-4D2B-84D8-D33EE6CB871A}.Debug|Any CPU.Build.0 = Debug|Any CPU
		{EE45C240-045C-4D2B-84D8-D33EE6CB871A}.Release|Any CPU.ActiveCfg = Release|Any CPU
		{EE45C240-045C-4D2B-84D8-D33EE6CB871A}.Release|Any CPU.Build.0 = Release|Any CPU
		{66A537F1-28CF-46DC-9A70-4230653045D6}.Debug|Any CPU.ActiveCfg = Debug|Any CPU
		{66A537F1-28CF-46DC-9A70-4230653045D6}.Debug|Any CPU.Build.0 = Debug|Any CPU
		{66A537F1-28CF-46DC-9A70-4230653045D6}.Release|Any CPU.ActiveCfg = Release|Any CPU
		{66A537F1-28CF-46DC-9A70-4230653045D6}.Release|Any CPU.Build.0 = Release|Any CPU
		{9ABA62CB-D7C2-49C9-A140-02CFAAD6D15C}.Debug|Any CPU.ActiveCfg = Debug|Any CPU
		{9ABA62CB-D7C2-49C9-A140-02CFAAD6D15C}.Debug|Any CPU.Build.0 = Debug|Any CPU
		{9ABA62CB-D7C2-49C9-A140-02CFAAD6D15C}.Release|Any CPU.ActiveCfg = Release|Any CPU
		{9ABA62CB-D7C2-49C9-A140-02CFAAD6D15C}.Release|Any CPU.Build.0 = Release|Any CPU
		{9293122A-3AA3-484F-9625-1ADF8581EA0D}.Debug|Any CPU.ActiveCfg = Debug|Any CPU
		{9293122A-3AA3-484F-9625-1ADF8581EA0D}.Debug|Any CPU.Build.0 = Debug|Any CPU
		{9293122A-3AA3-484F-9625-1ADF8581EA0D}.Release|Any CPU.ActiveCfg = Release|Any CPU
		{9293122A-3AA3-484F-9625-1ADF8581EA0D}.Release|Any CPU.Build.0 = Release|Any CPU
		{AA406D25-3A28-4CBE-86E9-B0206F2DB938}.Debug|Any CPU.ActiveCfg = Debug|Any CPU
		{AA406D25-3A28-4CBE-86E9-B0206F2DB938}.Debug|Any CPU.Build.0 = Debug|Any CPU
		{AA406D25-3A28-4CBE-86E9-B0206F2DB938}.Release|Any CPU.ActiveCfg = Release|Any CPU
		{AA406D25-3A28-4CBE-86E9-B0206F2DB938}.Release|Any CPU.Build.0 = Release|Any CPU
		{70977A53-8695-48F0-8F3E-16F8F6229FC3}.Debug|Any CPU.ActiveCfg = Debug|Any CPU
		{70977A53-8695-48F0-8F3E-16F8F6229FC3}.Debug|Any CPU.Build.0 = Debug|Any CPU
		{70977A53-8695-48F0-8F3E-16F8F6229FC3}.Release|Any CPU.ActiveCfg = Release|Any CPU
		{70977A53-8695-48F0-8F3E-16F8F6229FC3}.Release|Any CPU.Build.0 = Release|Any CPU
		{70362940-7972-478E-804B-8D76F403C331}.Debug|Any CPU.ActiveCfg = Debug|Any CPU
		{70362940-7972-478E-804B-8D76F403C331}.Debug|Any CPU.Build.0 = Debug|Any CPU
		{70362940-7972-478E-804B-8D76F403C331}.Release|Any CPU.ActiveCfg = Release|Any CPU
		{70362940-7972-478E-804B-8D76F403C331}.Release|Any CPU.Build.0 = Release|Any CPU
		{210DED92-5A8E-4168-8849-F96FF65A8756}.Debug|Any CPU.ActiveCfg = Debug|Any CPU
		{210DED92-5A8E-4168-8849-F96FF65A8756}.Debug|Any CPU.Build.0 = Debug|Any CPU
		{210DED92-5A8E-4168-8849-F96FF65A8756}.Release|Any CPU.ActiveCfg = Release|Any CPU
		{210DED92-5A8E-4168-8849-F96FF65A8756}.Release|Any CPU.Build.0 = Release|Any CPU
		{84221280-9B28-4D13-A065-1EC1F860B0CE}.Debug|Any CPU.ActiveCfg = Debug|Any CPU
		{84221280-9B28-4D13-A065-1EC1F860B0CE}.Debug|Any CPU.Build.0 = Debug|Any CPU
		{84221280-9B28-4D13-A065-1EC1F860B0CE}.Release|Any CPU.ActiveCfg = Release|Any CPU
		{84221280-9B28-4D13-A065-1EC1F860B0CE}.Release|Any CPU.Build.0 = Release|Any CPU
		{D4C7B87B-DA56-41FB-B78B-8CBC02E61601}.Debug|Any CPU.ActiveCfg = Debug|Any CPU
		{D4C7B87B-DA56-41FB-B78B-8CBC02E61601}.Debug|Any CPU.Build.0 = Debug|Any CPU
		{D4C7B87B-DA56-41FB-B78B-8CBC02E61601}.Release|Any CPU.ActiveCfg = Release|Any CPU
		{D4C7B87B-DA56-41FB-B78B-8CBC02E61601}.Release|Any CPU.Build.0 = Release|Any CPU
		{80210151-C009-47D7-82C1-1AEF3B9B6A13}.Debug|Any CPU.ActiveCfg = Debug|Any CPU
		{80210151-C009-47D7-82C1-1AEF3B9B6A13}.Debug|Any CPU.Build.0 = Debug|Any CPU
		{80210151-C009-47D7-82C1-1AEF3B9B6A13}.Release|Any CPU.ActiveCfg = Release|Any CPU
		{80210151-C009-47D7-82C1-1AEF3B9B6A13}.Release|Any CPU.Build.0 = Release|Any CPU
		{DEDCA10E-F4D6-4A9A-814E-8A94BA34FA24}.Debug|Any CPU.ActiveCfg = Debug|Any CPU
		{DEDCA10E-F4D6-4A9A-814E-8A94BA34FA24}.Debug|Any CPU.Build.0 = Debug|Any CPU
		{DEDCA10E-F4D6-4A9A-814E-8A94BA34FA24}.Release|Any CPU.ActiveCfg = Release|Any CPU
		{DEDCA10E-F4D6-4A9A-814E-8A94BA34FA24}.Release|Any CPU.Build.0 = Release|Any CPU
		{F179F697-D11B-42C5-8247-DF238F590B9F}.Debug|Any CPU.ActiveCfg = Debug|Any CPU
		{F179F697-D11B-42C5-8247-DF238F590B9F}.Debug|Any CPU.Build.0 = Debug|Any CPU
		{F179F697-D11B-42C5-8247-DF238F590B9F}.Release|Any CPU.ActiveCfg = Release|Any CPU
		{F179F697-D11B-42C5-8247-DF238F590B9F}.Release|Any CPU.Build.0 = Release|Any CPU
		{374DD107-83F8-4D87-9EBF-9D6514A7282E}.Debug|Any CPU.ActiveCfg = Debug|Any CPU
		{374DD107-83F8-4D87-9EBF-9D6514A7282E}.Debug|Any CPU.Build.0 = Debug|Any CPU
		{374DD107-83F8-4D87-9EBF-9D6514A7282E}.Release|Any CPU.ActiveCfg = Release|Any CPU
		{374DD107-83F8-4D87-9EBF-9D6514A7282E}.Release|Any CPU.Build.0 = Release|Any CPU
	EndGlobalSection
	GlobalSection(SolutionProperties) = preSolution
		HideSolutionNode = FALSE
	EndGlobalSection
	GlobalSection(ExtensibilityGlobals) = postSolution
		SolutionGuid = {D44F8959-48EC-4356-9E27-68778F9F2CFA}
	EndGlobalSection
EndGlobal
